Microsoft Visual Studio Solution File, Format Version 12.00
# Visual Studio 15
VisualStudioVersion = 15.0.28307.902
MinimumVisualStudioVersion = 10.0.40219.1
Project("{FAE04EC0-301F-11D3-BF4B-00C04F79EFBC}") = "Model", "Model\Model.csproj", "{1FF5B08D-74A0-452D-A8A2-2534D985F8BE}"
EndProject
Project("{FAE04EC0-301F-11D3-BF4B-00C04F79EFBC}") = "BLL", "BLL\BLL.csproj", "{AE805124-3D88-4AE5-A1E7-5A5A595A298E}"
	ProjectSection(ProjectDependencies) = postProject
		{1FF5B08D-74A0-452D-A8A2-2534D985F8BE} = {1FF5B08D-74A0-452D-A8A2-2534D985F8BE}
		{E1445288-68F8-4556-A82E-25CFE6B30195} = {E1445288-68F8-4556-A82E-25CFE6B30195}
	EndProjectSection
EndProject
Project("{FAE04EC0-301F-11D3-BF4B-00C04F79EFBC}") = "SQLServerDAL", "SQLServer\SQLServerDAL.csproj", "{9AA6B962-0628-4C0D-A4EA-54A244C32136}"
	ProjectSection(ProjectDependencies) = postProject
		{1FF5B08D-74A0-452D-A8A2-2534D985F8BE} = {1FF5B08D-74A0-452D-A8A2-2534D985F8BE}
		{E1445288-68F8-4556-A82E-25CFE6B30195} = {E1445288-68F8-4556-A82E-25CFE6B30195}
	EndProjectSection
EndProject
Project("{FAE04EC0-301F-11D3-BF4B-00C04F79EFBC}") = "IDAL", "IDAL\IDAL.csproj", "{E1445288-68F8-4556-A82E-25CFE6B30195}"
	ProjectSection(ProjectDependencies) = postProject
		{1FF5B08D-74A0-452D-A8A2-2534D985F8BE} = {1FF5B08D-74A0-452D-A8A2-2534D985F8BE}
	EndProjectSection
EndProject
Project("{FAE04EC0-301F-11D3-BF4B-00C04F79EFBC}") = "Utility", "Utility\Utility.csproj", "{95A981E1-57FE-4E0F-8993-423672C414E9}"
EndProject
Project("{FAE04EC0-301F-11D3-BF4B-00C04F79EFBC}") = "Web", "Web\Web.csproj", "{8B0D46EF-93B1-4834-A59C-E90F586D009F}"
EndProject
Project("{FAE04EC0-301F-11D3-BF4B-00C04F79EFBC}") = "Test", "Test\Test.csproj", "{68F8B661-BBE2-4A5F-BAA7-819B6738FB37}"
EndProject
Project("{FAE04EC0-301F-11D3-BF4B-00C04F79EFBC}") = "PetShopMvc", "PetShopMvc\PetShopMvc.csproj", "{FAD7E670-A36D-4827-8665-852BB494D04F}"
EndProject
Project("{FAE04EC0-301F-11D3-BF4B-00C04F79EFBC}") = "PetShopMvc.Tests", "PetShopMvc.Tests\PetShopMvc.Tests.csproj", "{5FF9EDD9-F3B9-487A-8A31-54D7B048D102}"
EndProject
Global
	GlobalSection(SolutionConfigurationPlatforms) = preSolution
		Debug|.NET = Debug|.NET
		Debug|Any CPU = Debug|Any CPU
		Debug|Mixed Platforms = Debug|Mixed Platforms
		Debug|Win32 = Debug|Win32
		DebugWithOracle|.NET = DebugWithOracle|.NET
		DebugWithOracle|Any CPU = DebugWithOracle|Any CPU
		DebugWithOracle|Mixed Platforms = DebugWithOracle|Mixed Platforms
		DebugWithOracle|Win32 = DebugWithOracle|Win32
		Release|.NET = Release|.NET
		Release|Any CPU = Release|Any CPU
		Release|Mixed Platforms = Release|Mixed Platforms
		Release|Win32 = Release|Win32
		ReleaseWithOracle|.NET = ReleaseWithOracle|.NET
		ReleaseWithOracle|Any CPU = ReleaseWithOracle|Any CPU
		ReleaseWithOracle|Mixed Platforms = ReleaseWithOracle|Mixed Platforms
		ReleaseWithOracle|Win32 = ReleaseWithOracle|Win32
	EndGlobalSection
	GlobalSection(ProjectConfigurationPlatforms) = postSolution
		{1FF5B08D-74A0-452D-A8A2-2534D985F8BE}.Debug|.NET.ActiveCfg = Debug|Any CPU
		{1FF5B08D-74A0-452D-A8A2-2534D985F8BE}.Debug|Any CPU.ActiveCfg = Debug|Any CPU
		{1FF5B08D-74A0-452D-A8A2-2534D985F8BE}.Debug|Any CPU.Build.0 = Debug|Any CPU
		{1FF5B08D-74A0-452D-A8A2-2534D985F8BE}.Debug|Mixed Platforms.ActiveCfg = Debug|Any CPU
		{1FF5B08D-74A0-452D-A8A2-2534D985F8BE}.Debug|Mixed Platforms.Build.0 = Debug|Any CPU
		{1FF5B08D-74A0-452D-A8A2-2534D985F8BE}.Debug|Win32.ActiveCfg = Debug|Any CPU
		{1FF5B08D-74A0-452D-A8A2-2534D985F8BE}.DebugWithOracle|.NET.ActiveCfg = Debug|Any CPU
		{1FF5B08D-74A0-452D-A8A2-2534D985F8BE}.DebugWithOracle|Any CPU.ActiveCfg = Debug|Any CPU
		{1FF5B08D-74A0-452D-A8A2-2534D985F8BE}.DebugWithOracle|Any CPU.Build.0 = Debug|Any CPU
		{1FF5B08D-74A0-452D-A8A2-2534D985F8BE}.DebugWithOracle|Mixed Platforms.ActiveCfg = Debug|Any CPU
		{1FF5B08D-74A0-452D-A8A2-2534D985F8BE}.DebugWithOracle|Mixed Platforms.Build.0 = Debug|Any CPU
		{1FF5B08D-74A0-452D-A8A2-2534D985F8BE}.DebugWithOracle|Win32.ActiveCfg = Debug|Any CPU
		{1FF5B08D-74A0-452D-A8A2-2534D985F8BE}.Release|.NET.ActiveCfg = Release|Any CPU
		{1FF5B08D-74A0-452D-A8A2-2534D985F8BE}.Release|Any CPU.ActiveCfg = Release|Any CPU
		{1FF5B08D-74A0-452D-A8A2-2534D985F8BE}.Release|Any CPU.Build.0 = Release|Any CPU
		{1FF5B08D-74A0-452D-A8A2-2534D985F8BE}.Release|Mixed Platforms.ActiveCfg = Release|Any CPU
		{1FF5B08D-74A0-452D-A8A2-2534D985F8BE}.Release|Mixed Platforms.Build.0 = Release|Any CPU
		{1FF5B08D-74A0-452D-A8A2-2534D985F8BE}.Release|Win32.ActiveCfg = Release|Any CPU
		{1FF5B08D-74A0-452D-A8A2-2534D985F8BE}.ReleaseWithOracle|.NET.ActiveCfg = Release|Any CPU
		{1FF5B08D-74A0-452D-A8A2-2534D985F8BE}.ReleaseWithOracle|Any CPU.ActiveCfg = Release|Any CPU
		{1FF5B08D-74A0-452D-A8A2-2534D985F8BE}.ReleaseWithOracle|Any CPU.Build.0 = Release|Any CPU
		{1FF5B08D-74A0-452D-A8A2-2534D985F8BE}.ReleaseWithOracle|Mixed Platforms.ActiveCfg = Release|Any CPU
		{1FF5B08D-74A0-452D-A8A2-2534D985F8BE}.ReleaseWithOracle|Mixed Platforms.Build.0 = Release|Any CPU
		{1FF5B08D-74A0-452D-A8A2-2534D985F8BE}.ReleaseWithOracle|Win32.ActiveCfg = Release|Any CPU
		{AE805124-3D88-4AE5-A1E7-5A5A595A298E}.Debug|.NET.ActiveCfg = Debug|Any CPU
		{AE805124-3D88-4AE5-A1E7-5A5A595A298E}.Debug|Any CPU.ActiveCfg = Debug|Any CPU
		{AE805124-3D88-4AE5-A1E7-5A5A595A298E}.Debug|Any CPU.Build.0 = Debug|Any CPU
		{AE805124-3D88-4AE5-A1E7-5A5A595A298E}.Debug|Mixed Platforms.ActiveCfg = Debug|Any CPU
		{AE805124-3D88-4AE5-A1E7-5A5A595A298E}.Debug|Mixed Platforms.Build.0 = Debug|Any CPU
		{AE805124-3D88-4AE5-A1E7-5A5A595A298E}.Debug|Win32.ActiveCfg = Debug|Any CPU
		{AE805124-3D88-4AE5-A1E7-5A5A595A298E}.DebugWithOracle|.NET.ActiveCfg = Debug|Any CPU
		{AE805124-3D88-4AE5-A1E7-5A5A595A298E}.DebugWithOracle|Any CPU.ActiveCfg = Debug|Any CPU
		{AE805124-3D88-4AE5-A1E7-5A5A595A298E}.DebugWithOracle|Any CPU.Build.0 = Debug|Any CPU
		{AE805124-3D88-4AE5-A1E7-5A5A595A298E}.DebugWithOracle|Mixed Platforms.ActiveCfg = Debug|Any CPU
		{AE805124-3D88-4AE5-A1E7-5A5A595A298E}.DebugWithOracle|Mixed Platforms.Build.0 = Debug|Any CPU
		{AE805124-3D88-4AE5-A1E7-5A5A595A298E}.DebugWithOracle|Win32.ActiveCfg = Debug|Any CPU
		{AE805124-3D88-4AE5-A1E7-5A5A595A298E}.Release|.NET.ActiveCfg = Release|Any CPU
		{AE805124-3D88-4AE5-A1E7-5A5A595A298E}.Release|Any CPU.ActiveCfg = Release|Any CPU
		{AE805124-3D88-4AE5-A1E7-5A5A595A298E}.Release|Any CPU.Build.0 = Release|Any CPU
		{AE805124-3D88-4AE5-A1E7-5A5A595A298E}.Release|Mixed Platforms.ActiveCfg = Release|Any CPU
		{AE805124-3D88-4AE5-A1E7-5A5A595A298E}.Release|Mixed Platforms.Build.0 = Release|Any CPU
		{AE805124-3D88-4AE5-A1E7-5A5A595A298E}.Release|Win32.ActiveCfg = Release|Any CPU
		{AE805124-3D88-4AE5-A1E7-5A5A595A298E}.ReleaseWithOracle|.NET.ActiveCfg = Release|Any CPU
		{AE805124-3D88-4AE5-A1E7-5A5A595A298E}.ReleaseWithOracle|Any CPU.ActiveCfg = Release|Any CPU
		{AE805124-3D88-4AE5-A1E7-5A5A595A298E}.ReleaseWithOracle|Any CPU.Build.0 = Release|Any CPU
		{AE805124-3D88-4AE5-A1E7-5A5A595A298E}.ReleaseWithOracle|Mixed Platforms.ActiveCfg = Release|Any CPU
		{AE805124-3D88-4AE5-A1E7-5A5A595A298E}.ReleaseWithOracle|Mixed Platforms.Build.0 = Release|Any CPU
		{AE805124-3D88-4AE5-A1E7-5A5A595A298E}.ReleaseWithOracle|Win32.ActiveCfg = Release|Any CPU
		{9AA6B962-0628-4C0D-A4EA-54A244C32136}.Debug|.NET.ActiveCfg = Debug|Any CPU
		{9AA6B962-0628-4C0D-A4EA-54A244C32136}.Debug|Any CPU.ActiveCfg = Debug|Any CPU
		{9AA6B962-0628-4C0D-A4EA-54A244C32136}.Debug|Any CPU.Build.0 = Debug|Any CPU
		{9AA6B962-0628-4C0D-A4EA-54A244C32136}.Debug|Mixed Platforms.ActiveCfg = Debug|Any CPU
		{9AA6B962-0628-4C0D-A4EA-54A244C32136}.Debug|Mixed Platforms.Build.0 = Debug|Any CPU
		{9AA6B962-0628-4C0D-A4EA-54A244C32136}.Debug|Win32.ActiveCfg = Debug|Any CPU
		{9AA6B962-0628-4C0D-A4EA-54A244C32136}.DebugWithOracle|.NET.ActiveCfg = Debug|Any CPU
		{9AA6B962-0628-4C0D-A4EA-54A244C32136}.DebugWithOracle|Any CPU.ActiveCfg = Debug|Any CPU
		{9AA6B962-0628-4C0D-A4EA-54A244C32136}.DebugWithOracle|Any CPU.Build.0 = Debug|Any CPU
		{9AA6B962-0628-4C0D-A4EA-54A244C32136}.DebugWithOracle|Mixed Platforms.ActiveCfg = Debug|Any CPU
		{9AA6B962-0628-4C0D-A4EA-54A244C32136}.DebugWithOracle|Mixed Platforms.Build.0 = Debug|Any CPU
		{9AA6B962-0628-4C0D-A4EA-54A244C32136}.DebugWithOracle|Win32.ActiveCfg = Debug|Any CPU
		{9AA6B962-0628-4C0D-A4EA-54A244C32136}.Release|.NET.ActiveCfg = Release|Any CPU
		{9AA6B962-0628-4C0D-A4EA-54A244C32136}.Release|Any CPU.ActiveCfg = Release|Any CPU
		{9AA6B962-0628-4C0D-A4EA-54A244C32136}.Release|Any CPU.Build.0 = Release|Any CPU
		{9AA6B962-0628-4C0D-A4EA-54A244C32136}.Release|Mixed Platforms.ActiveCfg = Release|Any CPU
		{9AA6B962-0628-4C0D-A4EA-54A244C32136}.Release|Mixed Platforms.Build.0 = Release|Any CPU
		{9AA6B962-0628-4C0D-A4EA-54A244C32136}.Release|Win32.ActiveCfg = Release|Any CPU
		{9AA6B962-0628-4C0D-A4EA-54A244C32136}.ReleaseWithOracle|.NET.ActiveCfg = Release|Any CPU
		{9AA6B962-0628-4C0D-A4EA-54A244C32136}.ReleaseWithOracle|Any CPU.ActiveCfg = Release|Any CPU
		{9AA6B962-0628-4C0D-A4EA-54A244C32136}.ReleaseWithOracle|Any CPU.Build.0 = Release|Any CPU
		{9AA6B962-0628-4C0D-A4EA-54A244C32136}.ReleaseWithOracle|Mixed Platforms.ActiveCfg = Release|Any CPU
		{9AA6B962-0628-4C0D-A4EA-54A244C32136}.ReleaseWithOracle|Mixed Platforms.Build.0 = Release|Any CPU
		{9AA6B962-0628-4C0D-A4EA-54A244C32136}.ReleaseWithOracle|Win32.ActiveCfg = Release|Any CPU
		{E1445288-68F8-4556-A82E-25CFE6B30195}.Debug|.NET.ActiveCfg = Debug|Any CPU
		{E1445288-68F8-4556-A82E-25CFE6B30195}.Debug|Any CPU.ActiveCfg = Debug|Any CPU
		{E1445288-68F8-4556-A82E-25CFE6B30195}.Debug|Any CPU.Build.0 = Debug|Any CPU
		{E1445288-68F8-4556-A82E-25CFE6B30195}.Debug|Mixed Platforms.ActiveCfg = Debug|Any CPU
		{E1445288-68F8-4556-A82E-25CFE6B30195}.Debug|Mixed Platforms.Build.0 = Debug|Any CPU
		{E1445288-68F8-4556-A82E-25CFE6B30195}.Debug|Win32.ActiveCfg = Debug|Any CPU
		{E1445288-68F8-4556-A82E-25CFE6B30195}.DebugWithOracle|.NET.ActiveCfg = Debug|Any CPU
		{E1445288-68F8-4556-A82E-25CFE6B30195}.DebugWithOracle|Any CPU.ActiveCfg = Debug|Any CPU
		{E1445288-68F8-4556-A82E-25CFE6B30195}.DebugWithOracle|Any CPU.Build.0 = Debug|Any CPU
		{E1445288-68F8-4556-A82E-25CFE6B30195}.DebugWithOracle|Mixed Platforms.ActiveCfg = Debug|Any CPU
		{E1445288-68F8-4556-A82E-25CFE6B30195}.DebugWithOracle|Mixed Platforms.Build.0 = Debug|Any CPU
		{E1445288-68F8-4556-A82E-25CFE6B30195}.DebugWithOracle|Win32.ActiveCfg = Debug|Any CPU
		{E1445288-68F8-4556-A82E-25CFE6B30195}.Release|.NET.ActiveCfg = Release|Any CPU
		{E1445288-68F8-4556-A82E-25CFE6B30195}.Release|Any CPU.ActiveCfg = Release|Any CPU
		{E1445288-68F8-4556-A82E-25CFE6B30195}.Release|Any CPU.Build.0 = Release|Any CPU
		{E1445288-68F8-4556-A82E-25CFE6B30195}.Release|Mixed Platforms.ActiveCfg = Release|Any CPU
		{E1445288-68F8-4556-A82E-25CFE6B30195}.Release|Mixed Platforms.Build.0 = Release|Any CPU
		{E1445288-68F8-4556-A82E-25CFE6B30195}.Release|Win32.ActiveCfg = Release|Any CPU
		{E1445288-68F8-4556-A82E-25CFE6B30195}.ReleaseWithOracle|.NET.ActiveCfg = Release|Any CPU
		{E1445288-68F8-4556-A82E-25CFE6B30195}.ReleaseWithOracle|Any CPU.ActiveCfg = Release|Any CPU
		{E1445288-68F8-4556-A82E-25CFE6B30195}.ReleaseWithOracle|Any CPU.Build.0 = Release|Any CPU
		{E1445288-68F8-4556-A82E-25CFE6B30195}.ReleaseWithOracle|Mixed Platforms.ActiveCfg = Release|Any CPU
		{E1445288-68F8-4556-A82E-25CFE6B30195}.ReleaseWithOracle|Mixed Platforms.Build.0 = Release|Any CPU
		{E1445288-68F8-4556-A82E-25CFE6B30195}.ReleaseWithOracle|Win32.ActiveCfg = Release|Any CPU
		{95A981E1-57FE-4E0F-8993-423672C414E9}.Debug|.NET.ActiveCfg = Debug|Any CPU
		{95A981E1-57FE-4E0F-8993-423672C414E9}.Debug|Any CPU.ActiveCfg = Debug|Any CPU
		{95A981E1-57FE-4E0F-8993-423672C414E9}.Debug|Any CPU.Build.0 = Debug|Any CPU
		{95A981E1-57FE-4E0F-8993-423672C414E9}.Debug|Mixed Platforms.ActiveCfg = Debug|Any CPU
		{95A981E1-57FE-4E0F-8993-423672C414E9}.Debug|Mixed Platforms.Build.0 = Debug|Any CPU
		{95A981E1-57FE-4E0F-8993-423672C414E9}.Debug|Win32.ActiveCfg = Debug|Any CPU
		{95A981E1-57FE-4E0F-8993-423672C414E9}.DebugWithOracle|.NET.ActiveCfg = Debug|Any CPU
		{95A981E1-57FE-4E0F-8993-423672C414E9}.DebugWithOracle|Any CPU.ActiveCfg = Debug|Any CPU
		{95A981E1-57FE-4E0F-8993-423672C414E9}.DebugWithOracle|Any CPU.Build.0 = Debug|Any CPU
		{95A981E1-57FE-4E0F-8993-423672C414E9}.DebugWithOracle|Mixed Platforms.ActiveCfg = Debug|Any CPU
		{95A981E1-57FE-4E0F-8993-423672C414E9}.DebugWithOracle|Mixed Platforms.Build.0 = Debug|Any CPU
		{95A981E1-57FE-4E0F-8993-423672C414E9}.DebugWithOracle|Win32.ActiveCfg = Debug|Any CPU
		{95A981E1-57FE-4E0F-8993-423672C414E9}.Release|.NET.ActiveCfg = Release|Any CPU
		{95A981E1-57FE-4E0F-8993-423672C414E9}.Release|Any CPU.ActiveCfg = Release|Any CPU
		{95A981E1-57FE-4E0F-8993-423672C414E9}.Release|Any CPU.Build.0 = Release|Any CPU
		{95A981E1-57FE-4E0F-8993-423672C414E9}.Release|Mixed Platforms.ActiveCfg = Release|Any CPU
		{95A981E1-57FE-4E0F-8993-423672C414E9}.Release|Mixed Platforms.Build.0 = Release|Any CPU
		{95A981E1-57FE-4E0F-8993-423672C414E9}.Release|Win32.ActiveCfg = Release|Any CPU
		{95A981E1-57FE-4E0F-8993-423672C414E9}.ReleaseWithOracle|.NET.ActiveCfg = Release|Any CPU
		{95A981E1-57FE-4E0F-8993-423672C414E9}.ReleaseWithOracle|Any CPU.ActiveCfg = Release|Any CPU
		{95A981E1-57FE-4E0F-8993-423672C414E9}.ReleaseWithOracle|Any CPU.Build.0 = Release|Any CPU
		{95A981E1-57FE-4E0F-8993-423672C414E9}.ReleaseWithOracle|Mixed Platforms.ActiveCfg = Release|Any CPU
		{95A981E1-57FE-4E0F-8993-423672C414E9}.ReleaseWithOracle|Mixed Platforms.Build.0 = Release|Any CPU
		{95A981E1-57FE-4E0F-8993-423672C414E9}.ReleaseWithOracle|Win32.ActiveCfg = Release|Any CPU
		{8B0D46EF-93B1-4834-A59C-E90F586D009F}.Debug|.NET.ActiveCfg = Debug|Any CPU
		{8B0D46EF-93B1-4834-A59C-E90F586D009F}.Debug|Any CPU.ActiveCfg = Debug|Any CPU
		{8B0D46EF-93B1-4834-A59C-E90F586D009F}.Debug|Any CPU.Build.0 = Debug|Any CPU
		{8B0D46EF-93B1-4834-A59C-E90F586D009F}.Debug|Mixed Platforms.ActiveCfg = Debug|Any CPU
		{8B0D46EF-93B1-4834-A59C-E90F586D009F}.Debug|Mixed Platforms.Build.0 = Debug|Any CPU
		{8B0D46EF-93B1-4834-A59C-E90F586D009F}.Debug|Win32.ActiveCfg = Debug|Any CPU
		{8B0D46EF-93B1-4834-A59C-E90F586D009F}.DebugWithOracle|.NET.ActiveCfg = Debug|Any CPU
		{8B0D46EF-93B1-4834-A59C-E90F586D009F}.DebugWithOracle|Any CPU.ActiveCfg = Debug|Any CPU
		{8B0D46EF-93B1-4834-A59C-E90F586D009F}.DebugWithOracle|Any CPU.Build.0 = Debug|Any CPU
		{8B0D46EF-93B1-4834-A59C-E90F586D009F}.DebugWithOracle|Mixed Platforms.ActiveCfg = Debug|Any CPU
		{8B0D46EF-93B1-4834-A59C-E90F586D009F}.DebugWithOracle|Mixed Platforms.Build.0 = Debug|Any CPU
		{8B0D46EF-93B1-4834-A59C-E90F586D009F}.DebugWithOracle|Win32.ActiveCfg = Debug|Any CPU
		{8B0D46EF-93B1-4834-A59C-E90F586D009F}.Release|.NET.ActiveCfg = Release|Any CPU
		{8B0D46EF-93B1-4834-A59C-E90F586D009F}.Release|Any CPU.ActiveCfg = Release|Any CPU
		{8B0D46EF-93B1-4834-A59C-E90F586D009F}.Release|Any CPU.Build.0 = Release|Any CPU
		{8B0D46EF-93B1-4834-A59C-E90F586D009F}.Release|Mixed Platforms.ActiveCfg = Release|Any CPU
		{8B0D46EF-93B1-4834-A59C-E90F586D009F}.Release|Mixed Platforms.Build.0 = Release|Any CPU
		{8B0D46EF-93B1-4834-A59C-E90F586D009F}.Release|Win32.ActiveCfg = Release|Any CPU
		{8B0D46EF-93B1-4834-A59C-E90F586D009F}.ReleaseWithOracle|.NET.ActiveCfg = Release|Any CPU
		{8B0D46EF-93B1-4834-A59C-E90F586D009F}.ReleaseWithOracle|Any CPU.ActiveCfg = Release|Any CPU
		{8B0D46EF-93B1-4834-A59C-E90F586D009F}.ReleaseWithOracle|Any CPU.Build.0 = Release|Any CPU
		{8B0D46EF-93B1-4834-A59C-E90F586D009F}.ReleaseWithOracle|Mixed Platforms.ActiveCfg = Release|Any CPU
		{8B0D46EF-93B1-4834-A59C-E90F586D009F}.ReleaseWithOracle|Mixed Platforms.Build.0 = Release|Any CPU
		{8B0D46EF-93B1-4834-A59C-E90F586D009F}.ReleaseWithOracle|Win32.ActiveCfg = Release|Any CPU
		{68F8B661-BBE2-4A5F-BAA7-819B6738FB37}.Debug|.NET.ActiveCfg = Debug|Any CPU
		{68F8B661-BBE2-4A5F-BAA7-819B6738FB37}.Debug|Any CPU.ActiveCfg = Debug|Any CPU
		{68F8B661-BBE2-4A5F-BAA7-819B6738FB37}.Debug|Any CPU.Build.0 = Debug|Any CPU
		{68F8B661-BBE2-4A5F-BAA7-819B6738FB37}.Debug|Mixed Platforms.ActiveCfg = Debug|Any CPU
		{68F8B661-BBE2-4A5F-BAA7-819B6738FB37}.Debug|Mixed Platforms.Build.0 = Debug|Any CPU
		{68F8B661-BBE2-4A5F-BAA7-819B6738FB37}.Debug|Win32.ActiveCfg = Debug|Any CPU
		{68F8B661-BBE2-4A5F-BAA7-819B6738FB37}.DebugWithOracle|.NET.ActiveCfg = Debug|Any CPU
		{68F8B661-BBE2-4A5F-BAA7-819B6738FB37}.DebugWithOracle|Any CPU.ActiveCfg = Debug|Any CPU
		{68F8B661-BBE2-4A5F-BAA7-819B6738FB37}.DebugWithOracle|Any CPU.Build.0 = Debug|Any CPU
		{68F8B661-BBE2-4A5F-BAA7-819B6738FB37}.DebugWithOracle|Mixed Platforms.ActiveCfg = Debug|Any CPU
		{68F8B661-BBE2-4A5F-BAA7-819B6738FB37}.DebugWithOracle|Mixed Platforms.Build.0 = Debug|Any CPU
		{68F8B661-BBE2-4A5F-BAA7-819B6738FB37}.DebugWithOracle|Win32.ActiveCfg = Debug|Any CPU
		{68F8B661-BBE2-4A5F-BAA7-819B6738FB37}.Release|.NET.ActiveCfg = Release|Any CPU
		{68F8B661-BBE2-4A5F-BAA7-819B6738FB37}.Release|Any CPU.ActiveCfg = Release|Any CPU
		{68F8B661-BBE2-4A5F-BAA7-819B6738FB37}.Release|Any CPU.Build.0 = Release|Any CPU
		{68F8B661-BBE2-4A5F-BAA7-819B6738FB37}.Release|Mixed Platforms.ActiveCfg = Release|Any CPU
		{68F8B661-BBE2-4A5F-BAA7-819B6738FB37}.Release|Mixed Platforms.Build.0 = Release|Any CPU
		{68F8B661-BBE2-4A5F-BAA7-819B6738FB37}.Release|Win32.ActiveCfg = Release|Any CPU
		{68F8B661-BBE2-4A5F-BAA7-819B6738FB37}.ReleaseWithOracle|.NET.ActiveCfg = Release|Any CPU
		{68F8B661-BBE2-4A5F-BAA7-819B6738FB37}.ReleaseWithOracle|Any CPU.ActiveCfg = Release|Any CPU
		{68F8B661-BBE2-4A5F-BAA7-819B6738FB37}.ReleaseWithOracle|Any CPU.Build.0 = Release|Any CPU
		{68F8B661-BBE2-4A5F-BAA7-819B6738FB37}.ReleaseWithOracle|Mixed Platforms.ActiveCfg = Release|Any CPU
		{68F8B661-BBE2-4A5F-BAA7-819B6738FB37}.ReleaseWithOracle|Mixed Platforms.Build.0 = Release|Any CPU
		{68F8B661-BBE2-4A5F-BAA7-819B6738FB37}.ReleaseWithOracle|Win32.ActiveCfg = Release|Any CPU
		{FAD7E670-A36D-4827-8665-852BB494D04F}.Debug|.NET.ActiveCfg = Debug|Any CPU
		{FAD7E670-A36D-4827-8665-852BB494D04F}.Debug|.NET.Build.0 = Debug|Any CPU
		{FAD7E670-A36D-4827-8665-852BB494D04F}.Debug|Any CPU.ActiveCfg = Debug|Any CPU
		{FAD7E670-A36D-4827-8665-852BB494D04F}.Debug|Any CPU.Build.0 = Debug|Any CPU
		{FAD7E670-A36D-4827-8665-852BB494D04F}.Debug|Mixed Platforms.ActiveCfg = Debug|Any CPU
		{FAD7E670-A36D-4827-8665-852BB494D04F}.Debug|Mixed Platforms.Build.0 = Debug|Any CPU
		{FAD7E670-A36D-4827-8665-852BB494D04F}.Debug|Win32.ActiveCfg = Debug|Any CPU
		{FAD7E670-A36D-4827-8665-852BB494D04F}.Debug|Win32.Build.0 = Debug|Any CPU
		{FAD7E670-A36D-4827-8665-852BB494D04F}.DebugWithOracle|.NET.ActiveCfg = Debug|Any CPU
		{FAD7E670-A36D-4827-8665-852BB494D04F}.DebugWithOracle|.NET.Build.0 = Debug|Any CPU
		{FAD7E670-A36D-4827-8665-852BB494D04F}.DebugWithOracle|Any CPU.ActiveCfg = Debug|Any CPU
		{FAD7E670-A36D-4827-8665-852BB494D04F}.DebugWithOracle|Any CPU.Build.0 = Debug|Any CPU
		{FAD7E670-A36D-4827-8665-852BB494D04F}.DebugWithOracle|Mixed Platforms.ActiveCfg = Debug|Any CPU
		{FAD7E670-A36D-4827-8665-852BB494D04F}.DebugWithOracle|Mixed Platforms.Build.0 = Debug|Any CPU
		{FAD7E670-A36D-4827-8665-852BB494D04F}.DebugWithOracle|Win32.ActiveCfg = Debug|Any CPU
		{FAD7E670-A36D-4827-8665-852BB494D04F}.DebugWithOracle|Win32.Build.0 = Debug|Any CPU
		{FAD7E670-A36D-4827-8665-852BB494D04F}.Release|.NET.ActiveCfg = Release|Any CPU
		{FAD7E670-A36D-4827-8665-852BB494D04F}.Release|.NET.Build.0 = Release|Any CPU
		{FAD7E670-A36D-4827-8665-852BB494D04F}.Release|Any CPU.ActiveCfg = Release|Any CPU
		{FAD7E670-A36D-4827-8665-852BB494D04F}.Release|Any CPU.Build.0 = Release|Any CPU
		{FAD7E670-A36D-4827-8665-852BB494D04F}.Release|Mixed Platforms.ActiveCfg = Release|Any CPU
		{FAD7E670-A36D-4827-8665-852BB494D04F}.Release|Mixed Platforms.Build.0 = Release|Any CPU
		{FAD7E670-A36D-4827-8665-852BB494D04F}.Release|Win32.ActiveCfg = Release|Any CPU
		{FAD7E670-A36D-4827-8665-852BB494D04F}.Release|Win32.Build.0 = Release|Any CPU
		{FAD7E670-A36D-4827-8665-852BB494D04F}.ReleaseWithOracle|.NET.ActiveCfg = Release|Any CPU
		{FAD7E670-A36D-4827-8665-852BB494D04F}.ReleaseWithOracle|.NET.Build.0 = Release|Any CPU
		{FAD7E670-A36D-4827-8665-852BB494D04F}.ReleaseWithOracle|Any CPU.ActiveCfg = Release|Any CPU
		{FAD7E670-A36D-4827-8665-852BB494D04F}.ReleaseWithOracle|Any CPU.Build.0 = Release|Any CPU
		{FAD7E670-A36D-4827-8665-852BB494D04F}.ReleaseWithOracle|Mixed Platforms.ActiveCfg = Release|Any CPU
		{FAD7E670-A36D-4827-8665-852BB494D04F}.ReleaseWithOracle|Mixed Platforms.Build.0 = Release|Any CPU
		{FAD7E670-A36D-4827-8665-852BB494D04F}.ReleaseWithOracle|Win32.ActiveCfg = Release|Any CPU
		{FAD7E670-A36D-4827-8665-852BB494D04F}.ReleaseWithOracle|Win32.Build.0 = Release|Any CPU
		{5FF9EDD9-F3B9-487A-8A31-54D7B048D102}.Debug|.NET.ActiveCfg = Debug|Any CPU
		{5FF9EDD9-F3B9-487A-8A31-54D7B048D102}.Debug|.NET.Build.0 = Debug|Any CPU
		{5FF9EDD9-F3B9-487A-8A31-54D7B048D102}.Debug|Any CPU.ActiveCfg = Debug|Any CPU
		{5FF9EDD9-F3B9-487A-8A31-54D7B048D102}.Debug|Any CPU.Build.0 = Debug|Any CPU
		{5FF9EDD9-F3B9-487A-8A31-54D7B048D102}.Debug|Mixed Platforms.ActiveCfg = Debug|Any CPU
		{5FF9EDD9-F3B9-487A-8A31-54D7B048D102}.Debug|Mixed Platforms.Build.0 = Debug|Any CPU
		{5FF9EDD9-F3B9-487A-8A31-54D7B048D102}.Debug|Win32.ActiveCfg = Debug|Any CPU
		{5FF9EDD9-F3B9-487A-8A31-54D7B048D102}.Debug|Win32.Build.0 = Debug|Any CPU
		{5FF9EDD9-F3B9-487A-8A31-54D7B048D102}.DebugWithOracle|.NET.ActiveCfg = Debug|Any CPU
		{5FF9EDD9-F3B9-487A-8A31-54D7B048D102}.DebugWithOracle|.NET.Build.0 = Debug|Any CPU
		{5FF9EDD9-F3B9-487A-8A31-54D7B048D102}.DebugWithOracle|Any CPU.ActiveCfg = Debug|Any CPU
		{5FF9EDD9-F3B9-487A-8A31-54D7B048D102}.DebugWithOracle|Any CPU.Build.0 = Debug|Any CPU
		{5FF9EDD9-F3B9-487A-8A31-54D7B048D102}.DebugWithOracle|Mixed Platforms.ActiveCfg = Debug|Any CPU
		{5FF9EDD9-F3B9-487A-8A31-54D7B048D102}.DebugWithOracle|Mixed Platforms.Build.0 = Debug|Any CPU
		{5FF9EDD9-F3B9-487A-8A31-54D7B048D102}.DebugWithOracle|Win32.ActiveCfg = Debug|Any CPU
		{5FF9EDD9-F3B9-487A-8A31-54D7B048D102}.DebugWithOracle|Win32.Build.0 = Debug|Any CPU
		{5FF9EDD9-F3B9-487A-8A31-54D7B048D102}.Release|.NET.ActiveCfg = Release|Any CPU
		{5FF9EDD9-F3B9-487A-8A31-54D7B048D102}.Release|.NET.Build.0 = Release|Any CPU
		{5FF9EDD9-F3B9-487A-8A31-54D7B048D102}.Release|Any CPU.ActiveCfg = Release|Any CPU
		{5FF9EDD9-F3B9-487A-8A31-54D7B048D102}.Release|Any CPU.Build.0 = Release|Any CPU
		{5FF9EDD9-F3B9-487A-8A31-54D7B048D102}.Release|Mixed Platforms.ActiveCfg = Release|Any CPU
		{5FF9EDD9-F3B9-487A-8A31-54D7B048D102}.Release|Mixed Platforms.Build.0 = Release|Any CPU
		{5FF9EDD9-F3B9-487A-8A31-54D7B048D102}.Release|Win32.ActiveCfg = Release|Any CPU
		{5FF9EDD9-F3B9-487A-8A31-54D7B048D102}.Release|Win32.Build.0 = Release|Any CPU
		{5FF9EDD9-F3B9-487A-8A31-54D7B048D102}.ReleaseWithOracle|.NET.ActiveCfg = Release|Any CPU
		{5FF9EDD9-F3B9-487A-8A31-54D7B048D102}.ReleaseWithOracle|.NET.Build.0 = Release|Any CPU
		{5FF9EDD9-F3B9-487A-8A31-54D7B048D102}.ReleaseWithOracle|Any CPU.ActiveCfg = Release|Any CPU
		{5FF9EDD9-F3B9-487A-8A31-54D7B048D102}.ReleaseWithOracle|Any CPU.Build.0 = Release|Any CPU
		{5FF9EDD9-F3B9-487A-8A31-54D7B048D102}.ReleaseWithOracle|Mixed Platforms.ActiveCfg = Release|Any CPU
		{5FF9EDD9-F3B9-487A-8A31-54D7B048D102}.ReleaseWithOracle|Mixed Platforms.Build.0 = Release|Any CPU
		{5FF9EDD9-F3B9-487A-8A31-54D7B048D102}.ReleaseWithOracle|Win32.ActiveCfg = Release|Any CPU
		{5FF9EDD9-F3B9-487A-8A31-54D7B048D102}.ReleaseWithOracle|Win32.Build.0 = Release|Any CPU
	EndGlobalSection
	GlobalSection(SolutionProperties) = preSolution
		HideSolutionNode = FALSE
	EndGlobalSection
	GlobalSection(ExtensibilityGlobals) = postSolution
		SolutionGuid = {8EB5BEC7-EECD-40E7-B1F6-6E1612B74EFC}
	EndGlobalSection
	GlobalSection(TestCaseManagementSettings) = postSolution
		CategoryFile = PetShop.vsmdi
	EndGlobalSection
EndGlobal
